
Microsoft Visual Studio Solution File, Format Version 12.00
# Visual Studio Version 16
VisualStudioVersion = 16.0.28705.295
MinimumVisualStudioVersion = 10.0.40219.1
Project("{9A19103F-16F7-4668-BE54-9A1E7A4F7556}") = "Lingva.DAL", "DAL\Lingva.DAL\Lingva.DAL.csproj", "{587FA791-3135-48A8-8CED-2AA6A9C459EA}"
EndProject
Project("{9A19103F-16F7-4668-BE54-9A1E7A4F7556}") = "Lingva.DAL.EF.Tests", "DAL\Lingva.DAL.Tests\Lingva.DAL.EF.Tests.csproj", "{F575E75B-6EA2-4A33-B97C-D0D43B29CD61}"
EndProject
Project("{9A19103F-16F7-4668-BE54-9A1E7A4F7556}") = "Lingva.BC", "BC\Lingva.BC\Lingva.BC.csproj", "{987C54A5-35B1-4909-AE28-CB49798A9D6C}"
EndProject
Project("{9A19103F-16F7-4668-BE54-9A1E7A4F7556}") = "Lingva.BC.Mapper", "BC\Lingva.BC.Mapper\Lingva.BC.Mapper.csproj", "{A856F28F-DD16-4C05-8E6F-7D0419303FEF}"
EndProject
Project("{9A19103F-16F7-4668-BE54-9A1E7A4F7556}") = "Lingva.BC.Tests", "BC\Lingva.BC.Tests\Lingva.BC.Tests.csproj", "{6F8516BE-C4AB-4580-B935-9B133EC2A4AF}"
EndProject
Project("{9A19103F-16F7-4668-BE54-9A1E7A4F7556}") = "Lingva.Common", "BC\Lingva.Common\Lingva.Common.csproj", "{D5AF45F2-DC2A-430C-9AEF-9E77E1DBC709}"
EndProject
Project("{9A19103F-16F7-4668-BE54-9A1E7A4F7556}") = "Lingva.MVC", "UI\Lingva.MVC\Lingva.MVC\Lingva.MVC.csproj", "{9A37911E-B51E-4BBD-A401-2B8CD6122EAF}"
EndProject
Project("{9A19103F-16F7-4668-BE54-9A1E7A4F7556}") = "Lingva.MVC.Tests", "UI\Lingva.MVC\Lingva.MVC.Tests\Lingva.MVC.Tests.csproj", "{A3136D41-1FB7-4B37-B16D-9F5B31BBA566}"
EndProject
Project("{9A19103F-16F7-4668-BE54-9A1E7A4F7556}") = "Lingva.WebAPI", "UI\Lingva.WebAPI\Lingva.WebAPI\Lingva.WebAPI.csproj", "{A89DFC63-C61F-4981-893F-656C4B9A2F54}"
EndProject
Project("{9A19103F-16F7-4668-BE54-9A1E7A4F7556}") = "Lingva.WebAPI.Mapper", "UI\Lingva.WebAPI\Lingva.WebAPI.Mapper\Lingva.WebAPI.Mapper.csproj", "{910C408F-D51F-40FB-8798-8B4C48B91DE1}"
EndProject
Project("{9A19103F-16F7-4668-BE54-9A1E7A4F7556}") = "Lingva.WebAPI.Models", "UI\Lingva.WebAPI\Lingva.WebAPI.Models\Lingva.WebAPI.Models.csproj", "{479DA151-2ECC-4961-AC3A-BDDBF0A62200}"
EndProject
Project("{9A19103F-16F7-4668-BE54-9A1E7A4F7556}") = "Lingva.WebAPI.Models.Mapper", "UI\Lingva.WebAPI\Lingva.WebAPI.Models.Mapper\Lingva.WebAPI.Models.Mapper.csproj", "{14EB43E0-B6BC-408F-A88B-B91F07F6DED5}"
EndProject
Project("{2150E333-8FDC-42A3-9474-1A3956D46DE8}") = "BC", "BC", "{3E71A635-EF3C-43BF-A9BF-670F085D687A}"
EndProject
Project("{2150E333-8FDC-42A3-9474-1A3956D46DE8}") = "DAL", "DAL", "{6434D792-2B23-4755-A35A-1E48F75E062E}"
EndProject
Project("{2150E333-8FDC-42A3-9474-1A3956D46DE8}") = "MVC", "MVC", "{ED2FD1BD-3D55-4E6A-BE3B-502B1D1F1467}"
EndProject
Project("{2150E333-8FDC-42A3-9474-1A3956D46DE8}") = "WebAPI", "WebAPI", "{C2F66234-532F-4891-ACF1-043B6ABCF7D7}"
EndProject
Project("{9A19103F-16F7-4668-BE54-9A1E7A4F7556}") = "Lingva.MVC.Models.Mapper", "UI\Lingva.MVC\Lingva.MVC.Models.Mapper\Lingva.MVC.Models.Mapper.csproj", "{C075D8A3-7AF0-4006-A0A2-8D26E5AD3D66}"
EndProject
Project("{9A19103F-16F7-4668-BE54-9A1E7A4F7556}") = "Lingva.MVC.Mapper", "UI\Lingva.MVC\Lingva.MVC.Mapper\Lingva.MVC.Mapper.csproj", "{5645584E-909A-4D0B-8DB4-43CB1288B938}"
EndProject
Project("{9A19103F-16F7-4668-BE54-9A1E7A4F7556}") = "Lingva.MVC.Models", "UI\Lingva.MVC\Lingva.MVC.Models\Lingva.MVC.Models.csproj", "{06F6E2C7-9F3E-46D6-911D-E30EF0AB8A26}"
EndProject
Project("{9A19103F-16F7-4668-BE54-9A1E7A4F7556}") = "AuthServer", "AuthServer\AuthServer\AuthServer.csproj", "{E3BB3121-5EB5-4DA7-A99E-6BD8094886D9}"
EndProject
Project("{9A19103F-16F7-4668-BE54-9A1E7A4F7556}") = "QueryBuilder", "Additional\QueryBuilder\QueryBuilder\QueryBuilder.csproj", "{6E27C679-E7E0-4A60-B8DE-78DBBF4A1E84}"
EndProject
Project("{9A19103F-16F7-4668-BE54-9A1E7A4F7556}") = "Lingva.DAL.EF", "DAL\Lingva.DAL.EF\Lingva.DAL.EF.csproj", "{6EB251F4-4C86-4A53-BD6D-3EB48B1D57F3}"
EndProject
Project("{9A19103F-16F7-4668-BE54-9A1E7A4F7556}") = "Lingva.DAL.Dapper", "DAL\Lingva.DAL.Dapper\Lingva.DAL.Dapper.csproj", "{BE38058D-7A6B-4423-ABC9-5DB0FED0F1CE}"
EndProject
Project("{9A19103F-16F7-4668-BE54-9A1E7A4F7556}") = "Lingva.WebAPI.Tests", "UI\Lingva.WebAPI\Lingva.WebAPI.Tests\Lingva.WebAPI.Tests.csproj", "{129D29BE-AF60-481A-8BF3-D21D34D84619}"
EndProject
Project("{2150E333-8FDC-42A3-9474-1A3956D46DE8}") = "Additional", "Additional", "{F672D062-C6F8-4730-9038-AB2EEC3E681E}"
EndProject
Project("{2150E333-8FDC-42A3-9474-1A3956D46DE8}") = "SenderService", "SenderService", "{72FC2DF9-E09E-433D-9F4B-F8A5176E5605}"
EndProject
Project("{9A19103F-16F7-4668-BE54-9A1E7A4F7556}") = "SenderService.Email", "Additional\SenderService\SenderService.Email\SenderService.Email.csproj", "{B1425401-C2CB-431B-A91B-DF2131852725}"
EndProject
Project("{9A19103F-16F7-4668-BE54-9A1E7A4F7556}") = "Lingva.Background", "Background\Lingva.Background\Lingva.Background.csproj", "{5DF391B1-D8AE-4FD2-A1BC-321E26FED340}"
EndProject
Project("{9A19103F-16F7-4668-BE54-9A1E7A4F7556}") = "SenderService.Email.EF", "Additional\SenderService\SenderService.Email.EF\SenderService.Email.EF.csproj", "{DD554FEA-DDF3-48F3-A7B4-43A00A2A1A4F}"
EndProject
Project("{9A19103F-16F7-4668-BE54-9A1E7A4F7556}") = "SenderService.Email.IO", "Additional\SenderService\SenderService.Email.IO\SenderService.Email.IO.csproj", "{F7C83F29-284D-414A-83EF-48CBDC89570D}"
EndProject
Project("{2150E333-8FDC-42A3-9474-1A3956D46DE8}") = "Background", "Background", "{F721C046-30A1-470A-8814-F5ABDA2ED8A1}"
EndProject
Project("{9A19103F-16F7-4668-BE54-9A1E7A4F7556}") = "Lingva.Background.Mapper", "Background\Lingva.Background.Mapper\Lingva.Background.Mapper.csproj", "{DD591813-C555-4987-B0FA-75F888C8C24F}"
EndProject
Project("{2150E333-8FDC-42A3-9474-1A3956D46DE8}") = "Email", "Email", "{3E229970-575D-40DC-BAB5-E9983CA41F11}"
EndProject
Project("{9A19103F-16F7-4668-BE54-9A1E7A4F7556}") = "SenderService.Email.EF.DAL", "Additional\SenderService\SenderService.Email.EF.DAL\SenderService.Email.EF.DAL.csproj", "{F5B998DE-FA49-481B-B8DF-B7DEAC0D2BF6}"
EndProject
Project("{2150E333-8FDC-42A3-9474-1A3956D46DE8}") = "AuthServer", "AuthServer", "{060B5C72-213D-4C99-8B74-E1249CC36564}"
EndProject
Project("{9A19103F-16F7-4668-BE54-9A1E7A4F7556}") = "AuthServer.Identity", "AuthServer\AuthServer.Identity\AuthServer.Identity.csproj", "{5800F313-A877-4B4A-8CAC-15EC46D187B6}"
EndProject
Project("{2150E333-8FDC-42A3-9474-1A3956D46DE8}") = "ASP", "ASP", "{4A21E396-A732-423D-A187-5CE5C6D7BC27}"
EndProject
Project("{2150E333-8FDC-42A3-9474-1A3956D46DE8}") = "UI", "UI", "{1F7ADDBF-1888-456B-86A8-89202E08EEEB}"
EndProject
Project("{9A19103F-16F7-4668-BE54-9A1E7A4F7556}") = "Lingva.ASP", "UI\Lingva.ASP\Lingva.ASP.csproj", "{8A3F77E5-1B91-4488-8EC3-A2D8B68B09CB}"
EndProject
Project("{2150E333-8FDC-42A3-9474-1A3956D46DE8}") = "Mapping", "Mapping", "{9B6A1DCD-DFBE-4F82-8AA8-A8E80093729A}"
EndProject
Project("{9A19103F-16F7-4668-BE54-9A1E7A4F7556}") = "DataAdapter", "Additional\Mapping\DataAdapter\DataAdapter.csproj", "{C8A8D2E1-2B65-4A60-B526-2D2637A435E7}"
EndProject
Project("{9A19103F-16F7-4668-BE54-9A1E7A4F7556}") = "Lingva.DAL.Mongo", "DAL\Lingva.DAL.Mongo\Lingva.DAL.Mongo.csproj", "{557585BC-481E-48EB-A4AD-18D85738E08E}"
EndProject
Project("{2150E333-8FDC-42A3-9474-1A3956D46DE8}") = "QueryBuilder", "QueryBuilder", "{D09C9493-E173-47F4-BAEB-A0700C53E055}"
EndProject
Project("{FAE04EC0-301F-11D3-BF4B-00C04F79EFBC}") = "QueryBuilder.EF", "Additional\QueryBuilder\QueryBuilder.EF\QueryBuilder.EF.csproj", "{99C68897-FF5E-468F-94FC-46E32954D563}"
EndProject
Project("{FAE04EC0-301F-11D3-BF4B-00C04F79EFBC}") = "QueryBuilder.Mongo", "Additional\QueryBuilder\QueryBuilder.Mongo\QueryBuilder.Mongo.csproj", "{4D66D61C-174F-4F59-8FA9-8A3DE83A1C90}"
EndProject
Global
	GlobalSection(SolutionConfigurationPlatforms) = preSolution
		Debug|Any CPU = Debug|Any CPU
		Release|Any CPU = Release|Any CPU
	EndGlobalSection
	GlobalSection(ProjectConfigurationPlatforms) = postSolution
		{587FA791-3135-48A8-8CED-2AA6A9C459EA}.Debug|Any CPU.ActiveCfg = Debug|Any CPU
		{587FA791-3135-48A8-8CED-2AA6A9C459EA}.Debug|Any CPU.Build.0 = Debug|Any CPU
		{587FA791-3135-48A8-8CED-2AA6A9C459EA}.Release|Any CPU.ActiveCfg = Release|Any CPU
		{587FA791-3135-48A8-8CED-2AA6A9C459EA}.Release|Any CPU.Build.0 = Release|Any CPU
		{F575E75B-6EA2-4A33-B97C-D0D43B29CD61}.Debug|Any CPU.ActiveCfg = Debug|Any CPU
		{F575E75B-6EA2-4A33-B97C-D0D43B29CD61}.Debug|Any CPU.Build.0 = Debug|Any CPU
		{F575E75B-6EA2-4A33-B97C-D0D43B29CD61}.Release|Any CPU.ActiveCfg = Release|Any CPU
		{F575E75B-6EA2-4A33-B97C-D0D43B29CD61}.Release|Any CPU.Build.0 = Release|Any CPU
		{987C54A5-35B1-4909-AE28-CB49798A9D6C}.Debug|Any CPU.ActiveCfg = Debug|Any CPU
		{987C54A5-35B1-4909-AE28-CB49798A9D6C}.Debug|Any CPU.Build.0 = Debug|Any CPU
		{987C54A5-35B1-4909-AE28-CB49798A9D6C}.Release|Any CPU.ActiveCfg = Release|Any CPU
		{987C54A5-35B1-4909-AE28-CB49798A9D6C}.Release|Any CPU.Build.0 = Release|Any CPU
		{A856F28F-DD16-4C05-8E6F-7D0419303FEF}.Debug|Any CPU.ActiveCfg = Debug|Any CPU
		{A856F28F-DD16-4C05-8E6F-7D0419303FEF}.Debug|Any CPU.Build.0 = Debug|Any CPU
		{A856F28F-DD16-4C05-8E6F-7D0419303FEF}.Release|Any CPU.ActiveCfg = Release|Any CPU
		{A856F28F-DD16-4C05-8E6F-7D0419303FEF}.Release|Any CPU.Build.0 = Release|Any CPU
		{6F8516BE-C4AB-4580-B935-9B133EC2A4AF}.Debug|Any CPU.ActiveCfg = Debug|Any CPU
		{6F8516BE-C4AB-4580-B935-9B133EC2A4AF}.Debug|Any CPU.Build.0 = Debug|Any CPU
		{6F8516BE-C4AB-4580-B935-9B133EC2A4AF}.Release|Any CPU.ActiveCfg = Release|Any CPU
		{6F8516BE-C4AB-4580-B935-9B133EC2A4AF}.Release|Any CPU.Build.0 = Release|Any CPU
		{D5AF45F2-DC2A-430C-9AEF-9E77E1DBC709}.Debug|Any CPU.ActiveCfg = Debug|Any CPU
		{D5AF45F2-DC2A-430C-9AEF-9E77E1DBC709}.Debug|Any CPU.Build.0 = Debug|Any CPU
		{D5AF45F2-DC2A-430C-9AEF-9E77E1DBC709}.Release|Any CPU.ActiveCfg = Release|Any CPU
		{D5AF45F2-DC2A-430C-9AEF-9E77E1DBC709}.Release|Any CPU.Build.0 = Release|Any CPU
		{9A37911E-B51E-4BBD-A401-2B8CD6122EAF}.Debug|Any CPU.ActiveCfg = Debug|Any CPU
		{9A37911E-B51E-4BBD-A401-2B8CD6122EAF}.Debug|Any CPU.Build.0 = Debug|Any CPU
		{9A37911E-B51E-4BBD-A401-2B8CD6122EAF}.Release|Any CPU.ActiveCfg = Release|Any CPU
		{9A37911E-B51E-4BBD-A401-2B8CD6122EAF}.Release|Any CPU.Build.0 = Release|Any CPU
		{A3136D41-1FB7-4B37-B16D-9F5B31BBA566}.Debug|Any CPU.ActiveCfg = Debug|Any CPU
		{A3136D41-1FB7-4B37-B16D-9F5B31BBA566}.Debug|Any CPU.Build.0 = Debug|Any CPU
		{A3136D41-1FB7-4B37-B16D-9F5B31BBA566}.Release|Any CPU.ActiveCfg = Release|Any CPU
		{A3136D41-1FB7-4B37-B16D-9F5B31BBA566}.Release|Any CPU.Build.0 = Release|Any CPU
		{A89DFC63-C61F-4981-893F-656C4B9A2F54}.Debug|Any CPU.ActiveCfg = Debug|Any CPU
		{A89DFC63-C61F-4981-893F-656C4B9A2F54}.Debug|Any CPU.Build.0 = Debug|Any CPU
		{A89DFC63-C61F-4981-893F-656C4B9A2F54}.Release|Any CPU.ActiveCfg = Release|Any CPU
		{A89DFC63-C61F-4981-893F-656C4B9A2F54}.Release|Any CPU.Build.0 = Release|Any CPU
		{910C408F-D51F-40FB-8798-8B4C48B91DE1}.Debug|Any CPU.ActiveCfg = Debug|Any CPU
		{910C408F-D51F-40FB-8798-8B4C48B91DE1}.Debug|Any CPU.Build.0 = Debug|Any CPU
		{910C408F-D51F-40FB-8798-8B4C48B91DE1}.Release|Any CPU.ActiveCfg = Release|Any CPU
		{910C408F-D51F-40FB-8798-8B4C48B91DE1}.Release|Any CPU.Build.0 = Release|Any CPU
		{479DA151-2ECC-4961-AC3A-BDDBF0A62200}.Debug|Any CPU.ActiveCfg = Debug|Any CPU
		{479DA151-2ECC-4961-AC3A-BDDBF0A62200}.Debug|Any CPU.Build.0 = Debug|Any CPU
		{479DA151-2ECC-4961-AC3A-BDDBF0A62200}.Release|Any CPU.ActiveCfg = Release|Any CPU
		{479DA151-2ECC-4961-AC3A-BDDBF0A62200}.Release|Any CPU.Build.0 = Release|Any CPU
		{14EB43E0-B6BC-408F-A88B-B91F07F6DED5}.Debug|Any CPU.ActiveCfg = Debug|Any CPU
		{14EB43E0-B6BC-408F-A88B-B91F07F6DED5}.Debug|Any CPU.Build.0 = Debug|Any CPU
		{14EB43E0-B6BC-408F-A88B-B91F07F6DED5}.Release|Any CPU.ActiveCfg = Release|Any CPU
		{14EB43E0-B6BC-408F-A88B-B91F07F6DED5}.Release|Any CPU.Build.0 = Release|Any CPU
		{C075D8A3-7AF0-4006-A0A2-8D26E5AD3D66}.Debug|Any CPU.ActiveCfg = Debug|Any CPU
		{C075D8A3-7AF0-4006-A0A2-8D26E5AD3D66}.Debug|Any CPU.Build.0 = Debug|Any CPU
		{C075D8A3-7AF0-4006-A0A2-8D26E5AD3D66}.Release|Any CPU.ActiveCfg = Release|Any CPU
		{C075D8A3-7AF0-4006-A0A2-8D26E5AD3D66}.Release|Any CPU.Build.0 = Release|Any CPU
		{5645584E-909A-4D0B-8DB4-43CB1288B938}.Debug|Any CPU.ActiveCfg = Debug|Any CPU
		{5645584E-909A-4D0B-8DB4-43CB1288B938}.Debug|Any CPU.Build.0 = Debug|Any CPU
		{5645584E-909A-4D0B-8DB4-43CB1288B938}.Release|Any CPU.ActiveCfg = Release|Any CPU
		{5645584E-909A-4D0B-8DB4-43CB1288B938}.Release|Any CPU.Build.0 = Release|Any CPU
		{06F6E2C7-9F3E-46D6-911D-E30EF0AB8A26}.Debug|Any CPU.ActiveCfg = Debug|Any CPU
		{06F6E2C7-9F3E-46D6-911D-E30EF0AB8A26}.Debug|Any CPU.Build.0 = Debug|Any CPU
		{06F6E2C7-9F3E-46D6-911D-E30EF0AB8A26}.Release|Any CPU.ActiveCfg = Release|Any CPU
		{06F6E2C7-9F3E-46D6-911D-E30EF0AB8A26}.Release|Any CPU.Build.0 = Release|Any CPU
		{E3BB3121-5EB5-4DA7-A99E-6BD8094886D9}.Debug|Any CPU.ActiveCfg = Debug|Any CPU
		{E3BB3121-5EB5-4DA7-A99E-6BD8094886D9}.Debug|Any CPU.Build.0 = Debug|Any CPU
		{E3BB3121-5EB5-4DA7-A99E-6BD8094886D9}.Release|Any CPU.ActiveCfg = Release|Any CPU
		{E3BB3121-5EB5-4DA7-A99E-6BD8094886D9}.Release|Any CPU.Build.0 = Release|Any CPU
		{6E27C679-E7E0-4A60-B8DE-78DBBF4A1E84}.Debug|Any CPU.ActiveCfg = Debug|Any CPU
		{6E27C679-E7E0-4A60-B8DE-78DBBF4A1E84}.Debug|Any CPU.Build.0 = Debug|Any CPU
		{6E27C679-E7E0-4A60-B8DE-78DBBF4A1E84}.Release|Any CPU.ActiveCfg = Release|Any CPU
		{6E27C679-E7E0-4A60-B8DE-78DBBF4A1E84}.Release|Any CPU.Build.0 = Release|Any CPU
		{6EB251F4-4C86-4A53-BD6D-3EB48B1D57F3}.Debug|Any CPU.ActiveCfg = Debug|Any CPU
		{6EB251F4-4C86-4A53-BD6D-3EB48B1D57F3}.Debug|Any CPU.Build.0 = Debug|Any CPU
		{6EB251F4-4C86-4A53-BD6D-3EB48B1D57F3}.Release|Any CPU.ActiveCfg = Release|Any CPU
		{6EB251F4-4C86-4A53-BD6D-3EB48B1D57F3}.Release|Any CPU.Build.0 = Release|Any CPU
		{BE38058D-7A6B-4423-ABC9-5DB0FED0F1CE}.Debug|Any CPU.ActiveCfg = Debug|Any CPU
		{BE38058D-7A6B-4423-ABC9-5DB0FED0F1CE}.Debug|Any CPU.Build.0 = Debug|Any CPU
		{BE38058D-7A6B-4423-ABC9-5DB0FED0F1CE}.Release|Any CPU.ActiveCfg = Release|Any CPU
		{BE38058D-7A6B-4423-ABC9-5DB0FED0F1CE}.Release|Any CPU.Build.0 = Release|Any CPU
		{129D29BE-AF60-481A-8BF3-D21D34D84619}.Debug|Any CPU.ActiveCfg = Debug|Any CPU
		{129D29BE-AF60-481A-8BF3-D21D34D84619}.Debug|Any CPU.Build.0 = Debug|Any CPU
		{129D29BE-AF60-481A-8BF3-D21D34D84619}.Release|Any CPU.ActiveCfg = Release|Any CPU
		{129D29BE-AF60-481A-8BF3-D21D34D84619}.Release|Any CPU.Build.0 = Release|Any CPU
		{B1425401-C2CB-431B-A91B-DF2131852725}.Debug|Any CPU.ActiveCfg = Debug|Any CPU
		{B1425401-C2CB-431B-A91B-DF2131852725}.Debug|Any CPU.Build.0 = Debug|Any CPU
		{B1425401-C2CB-431B-A91B-DF2131852725}.Release|Any CPU.ActiveCfg = Release|Any CPU
		{B1425401-C2CB-431B-A91B-DF2131852725}.Release|Any CPU.Build.0 = Release|Any CPU
		{5DF391B1-D8AE-4FD2-A1BC-321E26FED340}.Debug|Any CPU.ActiveCfg = Debug|Any CPU
		{5DF391B1-D8AE-4FD2-A1BC-321E26FED340}.Debug|Any CPU.Build.0 = Debug|Any CPU
		{5DF391B1-D8AE-4FD2-A1BC-321E26FED340}.Release|Any CPU.ActiveCfg = Release|Any CPU
		{5DF391B1-D8AE-4FD2-A1BC-321E26FED340}.Release|Any CPU.Build.0 = Release|Any CPU
		{DD554FEA-DDF3-48F3-A7B4-43A00A2A1A4F}.Debug|Any CPU.ActiveCfg = Debug|Any CPU
		{DD554FEA-DDF3-48F3-A7B4-43A00A2A1A4F}.Debug|Any CPU.Build.0 = Debug|Any CPU
		{DD554FEA-DDF3-48F3-A7B4-43A00A2A1A4F}.Release|Any CPU.ActiveCfg = Release|Any CPU
		{DD554FEA-DDF3-48F3-A7B4-43A00A2A1A4F}.Release|Any CPU.Build.0 = Release|Any CPU
		{F7C83F29-284D-414A-83EF-48CBDC89570D}.Debug|Any CPU.ActiveCfg = Debug|Any CPU
		{F7C83F29-284D-414A-83EF-48CBDC89570D}.Debug|Any CPU.Build.0 = Debug|Any CPU
		{F7C83F29-284D-414A-83EF-48CBDC89570D}.Release|Any CPU.ActiveCfg = Release|Any CPU
		{F7C83F29-284D-414A-83EF-48CBDC89570D}.Release|Any CPU.Build.0 = Release|Any CPU
		{DD591813-C555-4987-B0FA-75F888C8C24F}.Debug|Any CPU.ActiveCfg = Debug|Any CPU
		{DD591813-C555-4987-B0FA-75F888C8C24F}.Debug|Any CPU.Build.0 = Debug|Any CPU
		{DD591813-C555-4987-B0FA-75F888C8C24F}.Release|Any CPU.ActiveCfg = Release|Any CPU
		{DD591813-C555-4987-B0FA-75F888C8C24F}.Release|Any CPU.Build.0 = Release|Any CPU
		{F5B998DE-FA49-481B-B8DF-B7DEAC0D2BF6}.Debug|Any CPU.ActiveCfg = Debug|Any CPU
		{F5B998DE-FA49-481B-B8DF-B7DEAC0D2BF6}.Debug|Any CPU.Build.0 = Debug|Any CPU
		{F5B998DE-FA49-481B-B8DF-B7DEAC0D2BF6}.Release|Any CPU.ActiveCfg = Release|Any CPU
		{F5B998DE-FA49-481B-B8DF-B7DEAC0D2BF6}.Release|Any CPU.Build.0 = Release|Any CPU
		{5800F313-A877-4B4A-8CAC-15EC46D187B6}.Debug|Any CPU.ActiveCfg = Debug|Any CPU
		{5800F313-A877-4B4A-8CAC-15EC46D187B6}.Debug|Any CPU.Build.0 = Debug|Any CPU
		{5800F313-A877-4B4A-8CAC-15EC46D187B6}.Release|Any CPU.ActiveCfg = Release|Any CPU
		{5800F313-A877-4B4A-8CAC-15EC46D187B6}.Release|Any CPU.Build.0 = Release|Any CPU
		{8A3F77E5-1B91-4488-8EC3-A2D8B68B09CB}.Debug|Any CPU.ActiveCfg = Debug|Any CPU
		{8A3F77E5-1B91-4488-8EC3-A2D8B68B09CB}.Debug|Any CPU.Build.0 = Debug|Any CPU
		{8A3F77E5-1B91-4488-8EC3-A2D8B68B09CB}.Release|Any CPU.ActiveCfg = Release|Any CPU
		{8A3F77E5-1B91-4488-8EC3-A2D8B68B09CB}.Release|Any CPU.Build.0 = Release|Any CPU
		{C8A8D2E1-2B65-4A60-B526-2D2637A435E7}.Debug|Any CPU.ActiveCfg = Debug|Any CPU
		{C8A8D2E1-2B65-4A60-B526-2D2637A435E7}.Debug|Any CPU.Build.0 = Debug|Any CPU
		{C8A8D2E1-2B65-4A60-B526-2D2637A435E7}.Release|Any CPU.ActiveCfg = Release|Any CPU
		{C8A8D2E1-2B65-4A60-B526-2D2637A435E7}.Release|Any CPU.Build.0 = Release|Any CPU
		{557585BC-481E-48EB-A4AD-18D85738E08E}.Debug|Any CPU.ActiveCfg = Debug|Any CPU
		{557585BC-481E-48EB-A4AD-18D85738E08E}.Debug|Any CPU.Build.0 = Debug|Any CPU
		{557585BC-481E-48EB-A4AD-18D85738E08E}.Release|Any CPU.ActiveCfg = Release|Any CPU
		{557585BC-481E-48EB-A4AD-18D85738E08E}.Release|Any CPU.Build.0 = Release|Any CPU
		{99C68897-FF5E-468F-94FC-46E32954D563}.Debug|Any CPU.ActiveCfg = Debug|Any CPU
		{99C68897-FF5E-468F-94FC-46E32954D563}.Debug|Any CPU.Build.0 = Debug|Any CPU
		{99C68897-FF5E-468F-94FC-46E32954D563}.Release|Any CPU.ActiveCfg = Release|Any CPU
		{99C68897-FF5E-468F-94FC-46E32954D563}.Release|Any CPU.Build.0 = Release|Any CPU
		{4D66D61C-174F-4F59-8FA9-8A3DE83A1C90}.Debug|Any CPU.ActiveCfg = Debug|Any CPU
		{4D66D61C-174F-4F59-8FA9-8A3DE83A1C90}.Debug|Any CPU.Build.0 = Debug|Any CPU
		{4D66D61C-174F-4F59-8FA9-8A3DE83A1C90}.Release|Any CPU.ActiveCfg = Release|Any CPU
		{4D66D61C-174F-4F59-8FA9-8A3DE83A1C90}.Release|Any CPU.Build.0 = Release|Any CPU
	EndGlobalSection
	GlobalSection(SolutionProperties) = preSolution
		HideSolutionNode = FALSE
	EndGlobalSection
	GlobalSection(NestedProjects) = preSolution
		{587FA791-3135-48A8-8CED-2AA6A9C459EA} = {6434D792-2B23-4755-A35A-1E48F75E062E}
		{F575E75B-6EA2-4A33-B97C-D0D43B29CD61} = {6434D792-2B23-4755-A35A-1E48F75E062E}
		{987C54A5-35B1-4909-AE28-CB49798A9D6C} = {3E71A635-EF3C-43BF-A9BF-670F085D687A}
		{A856F28F-DD16-4C05-8E6F-7D0419303FEF} = {3E71A635-EF3C-43BF-A9BF-670F085D687A}
		{6F8516BE-C4AB-4580-B935-9B133EC2A4AF} = {3E71A635-EF3C-43BF-A9BF-670F085D687A}
		{D5AF45F2-DC2A-430C-9AEF-9E77E1DBC709} = {3E71A635-EF3C-43BF-A9BF-670F085D687A}
		{9A37911E-B51E-4BBD-A401-2B8CD6122EAF} = {ED2FD1BD-3D55-4E6A-BE3B-502B1D1F1467}
		{A3136D41-1FB7-4B37-B16D-9F5B31BBA566} = {ED2FD1BD-3D55-4E6A-BE3B-502B1D1F1467}
		{A89DFC63-C61F-4981-893F-656C4B9A2F54} = {C2F66234-532F-4891-ACF1-043B6ABCF7D7}
		{910C408F-D51F-40FB-8798-8B4C48B91DE1} = {C2F66234-532F-4891-ACF1-043B6ABCF7D7}
		{479DA151-2ECC-4961-AC3A-BDDBF0A62200} = {C2F66234-532F-4891-ACF1-043B6ABCF7D7}
		{14EB43E0-B6BC-408F-A88B-B91F07F6DED5} = {C2F66234-532F-4891-ACF1-043B6ABCF7D7}
		{ED2FD1BD-3D55-4E6A-BE3B-502B1D1F1467} = {1F7ADDBF-1888-456B-86A8-89202E08EEEB}
		{C2F66234-532F-4891-ACF1-043B6ABCF7D7} = {1F7ADDBF-1888-456B-86A8-89202E08EEEB}
		{C075D8A3-7AF0-4006-A0A2-8D26E5AD3D66} = {ED2FD1BD-3D55-4E6A-BE3B-502B1D1F1467}
		{5645584E-909A-4D0B-8DB4-43CB1288B938} = {ED2FD1BD-3D55-4E6A-BE3B-502B1D1F1467}
		{06F6E2C7-9F3E-46D6-911D-E30EF0AB8A26} = {ED2FD1BD-3D55-4E6A-BE3B-502B1D1F1467}
		{E3BB3121-5EB5-4DA7-A99E-6BD8094886D9} = {060B5C72-213D-4C99-8B74-E1249CC36564}
		{6E27C679-E7E0-4A60-B8DE-78DBBF4A1E84} = {D09C9493-E173-47F4-BAEB-A0700C53E055}
		{6EB251F4-4C86-4A53-BD6D-3EB48B1D57F3} = {6434D792-2B23-4755-A35A-1E48F75E062E}
		{BE38058D-7A6B-4423-ABC9-5DB0FED0F1CE} = {6434D792-2B23-4755-A35A-1E48F75E062E}
		{129D29BE-AF60-481A-8BF3-D21D34D84619} = {C2F66234-532F-4891-ACF1-043B6ABCF7D7}
		{72FC2DF9-E09E-433D-9F4B-F8A5176E5605} = {F672D062-C6F8-4730-9038-AB2EEC3E681E}
		{B1425401-C2CB-431B-A91B-DF2131852725} = {3E229970-575D-40DC-BAB5-E9983CA41F11}
		{5DF391B1-D8AE-4FD2-A1BC-321E26FED340} = {F721C046-30A1-470A-8814-F5ABDA2ED8A1}
		{DD554FEA-DDF3-48F3-A7B4-43A00A2A1A4F} = {3E229970-575D-40DC-BAB5-E9983CA41F11}
		{F7C83F29-284D-414A-83EF-48CBDC89570D} = {3E229970-575D-40DC-BAB5-E9983CA41F11}
		{DD591813-C555-4987-B0FA-75F888C8C24F} = {F721C046-30A1-470A-8814-F5ABDA2ED8A1}
		{3E229970-575D-40DC-BAB5-E9983CA41F11} = {72FC2DF9-E09E-433D-9F4B-F8A5176E5605}
		{F5B998DE-FA49-481B-B8DF-B7DEAC0D2BF6} = {3E229970-575D-40DC-BAB5-E9983CA41F11}
		{5800F313-A877-4B4A-8CAC-15EC46D187B6} = {060B5C72-213D-4C99-8B74-E1249CC36564}
		{4A21E396-A732-423D-A187-5CE5C6D7BC27} = {1F7ADDBF-1888-456B-86A8-89202E08EEEB}
		{8A3F77E5-1B91-4488-8EC3-A2D8B68B09CB} = {4A21E396-A732-423D-A187-5CE5C6D7BC27}
		{9B6A1DCD-DFBE-4F82-8AA8-A8E80093729A} = {F672D062-C6F8-4730-9038-AB2EEC3E681E}
		{C8A8D2E1-2B65-4A60-B526-2D2637A435E7} = {9B6A1DCD-DFBE-4F82-8AA8-A8E80093729A}
		{557585BC-481E-48EB-A4AD-18D85738E08E} = {6434D792-2B23-4755-A35A-1E48F75E062E}
		{D09C9493-E173-47F4-BAEB-A0700C53E055} = {F672D062-C6F8-4730-9038-AB2EEC3E681E}
		{99C68897-FF5E-468F-94FC-46E32954D563} = {D09C9493-E173-47F4-BAEB-A0700C53E055}
		{4D66D61C-174F-4F59-8FA9-8A3DE83A1C90} = {D09C9493-E173-47F4-BAEB-A0700C53E055}
	EndGlobalSection
	GlobalSection(ExtensibilityGlobals) = postSolution
		SolutionGuid = {52773F80-9AFD-49EA-9A94-EBC8FBCA9951}
	EndGlobalSection
EndGlobal
