
Microsoft Visual Studio Solution File, Format Version 12.00
# Visual Studio Version 16
VisualStudioVersion = 16.0.28705.295
MinimumVisualStudioVersion = 10.0.40219.1
Project("{9A19103F-16F7-4668-BE54-9A1E7A4F7556}") = "Lingva.DAL", "Lingva.DataAccessLayer\Lingva.DAL.csproj", "{587FA791-3135-48A8-8CED-2AA6A9C459EA}"
EndProject
Project("{9A19103F-16F7-4668-BE54-9A1E7A4F7556}") = "Lingva.BC", "Lingva.BusinessLayer\Lingva.BC.csproj", "{987C54A5-35B1-4909-AE28-CB49798A9D6C}"
EndProject
Project("{9A19103F-16F7-4668-BE54-9A1E7A4F7556}") = "Lingva.WebAPI", "Lingva.WebAPI\Lingva.WebAPI.csproj", "{A89DFC63-C61F-4981-893F-656C4B9A2F54}"
EndProject
Project("{9A19103F-16F7-4668-BE54-9A1E7A4F7556}") = "Lingva.BC.Tests", "Lingva.BusinessLayer.UnitTest\Lingva.BC.Tests.csproj", "{6F8516BE-C4AB-4580-B935-9B133EC2A4AF}"
EndProject
Project("{9A19103F-16F7-4668-BE54-9A1E7A4F7556}") = "Lingva.MVC", "MVC\Lingva.MVC.csproj", "{9A37911E-B51E-4BBD-A401-2B8CD6122EAF}"
EndProject
Project("{FAE04EC0-301F-11D3-BF4B-00C04F79EFBC}") = "Lingva.Common", "Lingva.Common\Lingva.Common.csproj", "{79AA0949-DB66-4298-A3D8-759098DA65C4}"
EndProject
Project("{FAE04EC0-301F-11D3-BF4B-00C04F79EFBC}") = "Lingva.BC.Mapper", "Lingva.BC.Mapper\Lingva.BC.Mapper\Lingva.BC.Mapper.csproj", "{CD1A41A3-BA4B-4326-96A7-D9C52B5220FA}"
EndProject
Project("{FAE04EC0-301F-11D3-BF4B-00C04F79EFBC}") = "Lingva.DAL.Tests", "Lingva.DAL.Tests\Lingva.DAL.Tests.csproj", "{F575E75B-6EA2-4A33-B97C-D0D43B29CD61}"
EndProject
Project("{2150E333-8FDC-42A3-9474-1A3956D46DE8}") = "MVC", "MVC", "{ED2FD1BD-3D55-4E6A-BE3B-502B1D1F1467}"
EndProject
Project("{2150E333-8FDC-42A3-9474-1A3956D46DE8}") = "WebAPI", "WebAPI", "{C2F66234-532F-4891-ACF1-043B6ABCF7D7}"
EndProject
Project("{FAE04EC0-301F-11D3-BF4B-00C04F79EFBC}") = "Lingva.MVC.Models", "Lingva.MVC.Models\Lingva.MVC.Models.csproj", "{90CC5C3C-D221-45B0-A3E2-A153EB302E24}"
EndProject
Project("{FAE04EC0-301F-11D3-BF4B-00C04F79EFBC}") = "Lingva.MVC.Mapper", "Lingva.MVC.Mapper\Lingva.MVC.Mapper.csproj", "{1F4A36B0-B889-4734-B45A-C06C8957C01B}"
EndProject
Project("{FAE04EC0-301F-11D3-BF4B-00C04F79EFBC}") = "Lingva.MVC.Models.Mapper", "Lingva.MVC.Models.Mapper\Lingva.MVC.Models.Mapper.csproj", "{FE230DF3-FDC1-4994-A67B-0DDF46D96BD3}"
EndProject
Project("{FAE04EC0-301F-11D3-BF4B-00C04F79EFBC}") = "Lingva.MVC.Tests", "Lingva.MVC.Tests\Lingva.MVC.Tests.csproj", "{A3136D41-1FB7-4B37-B16D-9F5B31BBA566}"
EndProject
Project("{FAE04EC0-301F-11D3-BF4B-00C04F79EFBC}") = "Lingva.WebAPI.Mapper", "Lingva.WebAPI.Mapper\Lingva.WebAPI.Mapper.csproj", "{3E59A733-30A9-43BF-B2FA-B0D1C664B70E}"
EndProject
Project("{FAE04EC0-301F-11D3-BF4B-00C04F79EFBC}") = "Lingva.WebAPI.Models", "Lingva.WebAPI.Models\Lingva.WebAPI.Models.csproj", "{0E0093FF-F24E-494A-8FE1-3C749C495B12}"
EndProject
Project("{FAE04EC0-301F-11D3-BF4B-00C04F79EFBC}") = "Lingva.WebAPI.Models.Mapper", "Lingva.WebAPI.Models.Mapper\Lingva.WebAPI.Models.Mapper.csproj", "{40A07CA4-95F2-4CDC-AC8B-662D2E574E29}"
EndProject
Project("{FAE04EC0-301F-11D3-BF4B-00C04F79EFBC}") = "Lingva.WebAPI.Tests", "Lingva.WebAPI.Tests\Lingva.WebAPI.Tests.csproj", "{4490660B-FBDC-47C8-956D-917DC317EEAE}"
EndProject
Global
	GlobalSection(SolutionConfigurationPlatforms) = preSolution
		Debug|Any CPU = Debug|Any CPU
		Release|Any CPU = Release|Any CPU
	EndGlobalSection
	GlobalSection(ProjectConfigurationPlatforms) = postSolution
		{587FA791-3135-48A8-8CED-2AA6A9C459EA}.Debug|Any CPU.ActiveCfg = Debug|Any CPU
		{587FA791-3135-48A8-8CED-2AA6A9C459EA}.Debug|Any CPU.Build.0 = Debug|Any CPU
		{587FA791-3135-48A8-8CED-2AA6A9C459EA}.Release|Any CPU.ActiveCfg = Release|Any CPU
		{587FA791-3135-48A8-8CED-2AA6A9C459EA}.Release|Any CPU.Build.0 = Release|Any CPU
		{987C54A5-35B1-4909-AE28-CB49798A9D6C}.Debug|Any CPU.ActiveCfg = Debug|Any CPU
		{987C54A5-35B1-4909-AE28-CB49798A9D6C}.Debug|Any CPU.Build.0 = Debug|Any CPU
		{987C54A5-35B1-4909-AE28-CB49798A9D6C}.Release|Any CPU.ActiveCfg = Release|Any CPU
		{987C54A5-35B1-4909-AE28-CB49798A9D6C}.Release|Any CPU.Build.0 = Release|Any CPU
		{A89DFC63-C61F-4981-893F-656C4B9A2F54}.Debug|Any CPU.ActiveCfg = Debug|Any CPU
		{A89DFC63-C61F-4981-893F-656C4B9A2F54}.Debug|Any CPU.Build.0 = Debug|Any CPU
		{A89DFC63-C61F-4981-893F-656C4B9A2F54}.Release|Any CPU.ActiveCfg = Release|Any CPU
		{A89DFC63-C61F-4981-893F-656C4B9A2F54}.Release|Any CPU.Build.0 = Release|Any CPU
		{6F8516BE-C4AB-4580-B935-9B133EC2A4AF}.Debug|Any CPU.ActiveCfg = Debug|Any CPU
		{6F8516BE-C4AB-4580-B935-9B133EC2A4AF}.Debug|Any CPU.Build.0 = Debug|Any CPU
		{6F8516BE-C4AB-4580-B935-9B133EC2A4AF}.Release|Any CPU.ActiveCfg = Release|Any CPU
		{6F8516BE-C4AB-4580-B935-9B133EC2A4AF}.Release|Any CPU.Build.0 = Release|Any CPU
		{9A37911E-B51E-4BBD-A401-2B8CD6122EAF}.Debug|Any CPU.ActiveCfg = Debug|Any CPU
		{9A37911E-B51E-4BBD-A401-2B8CD6122EAF}.Debug|Any CPU.Build.0 = Debug|Any CPU
		{9A37911E-B51E-4BBD-A401-2B8CD6122EAF}.Release|Any CPU.ActiveCfg = Release|Any CPU
		{9A37911E-B51E-4BBD-A401-2B8CD6122EAF}.Release|Any CPU.Build.0 = Release|Any CPU
		{79AA0949-DB66-4298-A3D8-759098DA65C4}.Debug|Any CPU.ActiveCfg = Debug|Any CPU
		{79AA0949-DB66-4298-A3D8-759098DA65C4}.Debug|Any CPU.Build.0 = Debug|Any CPU
		{79AA0949-DB66-4298-A3D8-759098DA65C4}.Release|Any CPU.ActiveCfg = Release|Any CPU
		{79AA0949-DB66-4298-A3D8-759098DA65C4}.Release|Any CPU.Build.0 = Release|Any CPU
		{CD1A41A3-BA4B-4326-96A7-D9C52B5220FA}.Debug|Any CPU.ActiveCfg = Debug|Any CPU
		{CD1A41A3-BA4B-4326-96A7-D9C52B5220FA}.Debug|Any CPU.Build.0 = Debug|Any CPU
		{CD1A41A3-BA4B-4326-96A7-D9C52B5220FA}.Release|Any CPU.ActiveCfg = Release|Any CPU
		{CD1A41A3-BA4B-4326-96A7-D9C52B5220FA}.Release|Any CPU.Build.0 = Release|Any CPU
		{F575E75B-6EA2-4A33-B97C-D0D43B29CD61}.Debug|Any CPU.ActiveCfg = Debug|Any CPU
		{F575E75B-6EA2-4A33-B97C-D0D43B29CD61}.Debug|Any CPU.Build.0 = Debug|Any CPU
		{F575E75B-6EA2-4A33-B97C-D0D43B29CD61}.Release|Any CPU.ActiveCfg = Release|Any CPU
		{F575E75B-6EA2-4A33-B97C-D0D43B29CD61}.Release|Any CPU.Build.0 = Release|Any CPU
		{90CC5C3C-D221-45B0-A3E2-A153EB302E24}.Debug|Any CPU.ActiveCfg = Debug|Any CPU
		{90CC5C3C-D221-45B0-A3E2-A153EB302E24}.Debug|Any CPU.Build.0 = Debug|Any CPU
		{90CC5C3C-D221-45B0-A3E2-A153EB302E24}.Release|Any CPU.ActiveCfg = Release|Any CPU
		{90CC5C3C-D221-45B0-A3E2-A153EB302E24}.Release|Any CPU.Build.0 = Release|Any CPU
		{1F4A36B0-B889-4734-B45A-C06C8957C01B}.Debug|Any CPU.ActiveCfg = Debug|Any CPU
		{1F4A36B0-B889-4734-B45A-C06C8957C01B}.Debug|Any CPU.Build.0 = Debug|Any CPU
		{1F4A36B0-B889-4734-B45A-C06C8957C01B}.Release|Any CPU.ActiveCfg = Release|Any CPU
		{1F4A36B0-B889-4734-B45A-C06C8957C01B}.Release|Any CPU.Build.0 = Release|Any CPU
		{FE230DF3-FDC1-4994-A67B-0DDF46D96BD3}.Debug|Any CPU.ActiveCfg = Debug|Any CPU
		{FE230DF3-FDC1-4994-A67B-0DDF46D96BD3}.Debug|Any CPU.Build.0 = Debug|Any CPU
		{FE230DF3-FDC1-4994-A67B-0DDF46D96BD3}.Release|Any CPU.ActiveCfg = Release|Any CPU
		{FE230DF3-FDC1-4994-A67B-0DDF46D96BD3}.Release|Any CPU.Build.0 = Release|Any CPU
		{A3136D41-1FB7-4B37-B16D-9F5B31BBA566}.Debug|Any CPU.ActiveCfg = Debug|Any CPU
		{A3136D41-1FB7-4B37-B16D-9F5B31BBA566}.Debug|Any CPU.Build.0 = Debug|Any CPU
		{A3136D41-1FB7-4B37-B16D-9F5B31BBA566}.Release|Any CPU.ActiveCfg = Release|Any CPU
		{A3136D41-1FB7-4B37-B16D-9F5B31BBA566}.Release|Any CPU.Build.0 = Release|Any CPU
		{3E59A733-30A9-43BF-B2FA-B0D1C664B70E}.Debug|Any CPU.ActiveCfg = Debug|Any CPU
		{3E59A733-30A9-43BF-B2FA-B0D1C664B70E}.Debug|Any CPU.Build.0 = Debug|Any CPU
		{3E59A733-30A9-43BF-B2FA-B0D1C664B70E}.Release|Any CPU.ActiveCfg = Release|Any CPU
		{3E59A733-30A9-43BF-B2FA-B0D1C664B70E}.Release|Any CPU.Build.0 = Release|Any CPU
		{0E0093FF-F24E-494A-8FE1-3C749C495B12}.Debug|Any CPU.ActiveCfg = Debug|Any CPU
		{0E0093FF-F24E-494A-8FE1-3C749C495B12}.Debug|Any CPU.Build.0 = Debug|Any CPU
		{0E0093FF-F24E-494A-8FE1-3C749C495B12}.Release|Any CPU.ActiveCfg = Release|Any CPU
		{0E0093FF-F24E-494A-8FE1-3C749C495B12}.Release|Any CPU.Build.0 = Release|Any CPU
		{40A07CA4-95F2-4CDC-AC8B-662D2E574E29}.Debug|Any CPU.ActiveCfg = Debug|Any CPU
		{40A07CA4-95F2-4CDC-AC8B-662D2E574E29}.Debug|Any CPU.Build.0 = Debug|Any CPU
		{40A07CA4-95F2-4CDC-AC8B-662D2E574E29}.Release|Any CPU.ActiveCfg = Release|Any CPU
		{40A07CA4-95F2-4CDC-AC8B-662D2E574E29}.Release|Any CPU.Build.0 = Release|Any CPU
		{4490660B-FBDC-47C8-956D-917DC317EEAE}.Debug|Any CPU.ActiveCfg = Debug|Any CPU
		{4490660B-FBDC-47C8-956D-917DC317EEAE}.Debug|Any CPU.Build.0 = Debug|Any CPU
		{4490660B-FBDC-47C8-956D-917DC317EEAE}.Release|Any CPU.ActiveCfg = Release|Any CPU
		{4490660B-FBDC-47C8-956D-917DC317EEAE}.Release|Any CPU.Build.0 = Release|Any CPU
	EndGlobalSection
	GlobalSection(SolutionProperties) = preSolution
		HideSolutionNode = FALSE
	EndGlobalSection
	GlobalSection(NestedProjects) = preSolution
		{A89DFC63-C61F-4981-893F-656C4B9A2F54} = {C2F66234-532F-4891-ACF1-043B6ABCF7D7}
		{9A37911E-B51E-4BBD-A401-2B8CD6122EAF} = {ED2FD1BD-3D55-4E6A-BE3B-502B1D1F1467}
		{90CC5C3C-D221-45B0-A3E2-A153EB302E24} = {ED2FD1BD-3D55-4E6A-BE3B-502B1D1F1467}
		{1F4A36B0-B889-4734-B45A-C06C8957C01B} = {ED2FD1BD-3D55-4E6A-BE3B-502B1D1F1467}
		{FE230DF3-FDC1-4994-A67B-0DDF46D96BD3} = {ED2FD1BD-3D55-4E6A-BE3B-502B1D1F1467}
		{A3136D41-1FB7-4B37-B16D-9F5B31BBA566} = {ED2FD1BD-3D55-4E6A-BE3B-502B1D1F1467}
		{3E59A733-30A9-43BF-B2FA-B0D1C664B70E} = {C2F66234-532F-4891-ACF1-043B6ABCF7D7}
		{0E0093FF-F24E-494A-8FE1-3C749C495B12} = {C2F66234-532F-4891-ACF1-043B6ABCF7D7}
		{40A07CA4-95F2-4CDC-AC8B-662D2E574E29} = {C2F66234-532F-4891-ACF1-043B6ABCF7D7}
		{4490660B-FBDC-47C8-956D-917DC317EEAE} = {C2F66234-532F-4891-ACF1-043B6ABCF7D7}
	EndGlobalSection
	GlobalSection(ExtensibilityGlobals) = postSolution
		SolutionGuid = {52773F80-9AFD-49EA-9A94-EBC8FBCA9951}
	EndGlobalSection
EndGlobal
