
Microsoft Visual Studio Solution File, Format Version 12.00
# Visual Studio Version 16
VisualStudioVersion = 16.0.28705.295
MinimumVisualStudioVersion = 10.0.40219.1
Project("{9A19103F-16F7-4668-BE54-9A1E7A4F7556}") = "Lingva.DAL", "DAL\Lingva.DAL\Lingva.DAL.csproj", "{587FA791-3135-48A8-8CED-2AA6A9C459EA}"
EndProject
Project("{9A19103F-16F7-4668-BE54-9A1E7A4F7556}") = "Lingva.DAL.Tests", "DAL\Lingva.DAL.Tests\Lingva.DAL.Tests.csproj", "{F575E75B-6EA2-4A33-B97C-D0D43B29CD61}"
EndProject
Project("{9A19103F-16F7-4668-BE54-9A1E7A4F7556}") = "Lingva.BC", "BC\Lingva.BC\Lingva.BC.csproj", "{987C54A5-35B1-4909-AE28-CB49798A9D6C}"
EndProject
Project("{9A19103F-16F7-4668-BE54-9A1E7A4F7556}") = "Lingva.BC.Mapper", "BC\Lingva.BC.Mapper\Lingva.BC.Mapper.csproj", "{A856F28F-DD16-4C05-8E6F-7D0419303FEF}"
EndProject
Project("{9A19103F-16F7-4668-BE54-9A1E7A4F7556}") = "Lingva.BC.Tests", "BC\Lingva.BC.Tests\Lingva.BC.Tests.csproj", "{6F8516BE-C4AB-4580-B935-9B133EC2A4AF}"
EndProject
Project("{9A19103F-16F7-4668-BE54-9A1E7A4F7556}") = "Lingva.Common", "BC\Lingva.Common\Lingva.Common.csproj", "{D5AF45F2-DC2A-430C-9AEF-9E77E1DBC709}"
EndProject
Project("{9A19103F-16F7-4668-BE54-9A1E7A4F7556}") = "Lingva.MVC", "MVC\Lingva.MVC\Lingva.MVC.csproj", "{9A37911E-B51E-4BBD-A401-2B8CD6122EAF}"
EndProject
Project("{9A19103F-16F7-4668-BE54-9A1E7A4F7556}") = "Lingva.MVC.Tests", "MVC\Lingva.MVC.Tests\Lingva.MVC.Tests.csproj", "{A3136D41-1FB7-4B37-B16D-9F5B31BBA566}"
EndProject
Project("{9A19103F-16F7-4668-BE54-9A1E7A4F7556}") = "Lingva.WebAPI", "WebAPI\Lingva.WebAPI\Lingva.WebAPI.csproj", "{A89DFC63-C61F-4981-893F-656C4B9A2F54}"
EndProject
Project("{9A19103F-16F7-4668-BE54-9A1E7A4F7556}") = "Lingva.WebAPI.Mapper", "WebAPI\Lingva.WebAPI.Mapper\Lingva.WebAPI.Mapper.csproj", "{910C408F-D51F-40FB-8798-8B4C48B91DE1}"
EndProject
Project("{9A19103F-16F7-4668-BE54-9A1E7A4F7556}") = "Lingva.WebAPI.Models", "WebAPI\Lingva.WebAPI.Models\Lingva.WebAPI.Models.csproj", "{479DA151-2ECC-4961-AC3A-BDDBF0A62200}"
EndProject
Project("{9A19103F-16F7-4668-BE54-9A1E7A4F7556}") = "Lingva.WebAPI.Models.Mapper", "WebAPI\Lingva.WebAPI.Models.Mapper\Lingva.WebAPI.Models.Mapper.csproj", "{14EB43E0-B6BC-408F-A88B-B91F07F6DED5}"
EndProject
Project("{9A19103F-16F7-4668-BE54-9A1E7A4F7556}") = "Lingva.WebAPI.Tests", "WebAPI\Lingva.WebAPI.Tests\Lingva.WebAPI.Tests.csproj", "{4490660B-FBDC-47C8-956D-917DC317EEAE}"
EndProject
Project("{2150E333-8FDC-42A3-9474-1A3956D46DE8}") = "BC", "BC", "{3E71A635-EF3C-43BF-A9BF-670F085D687A}"
EndProject
Project("{2150E333-8FDC-42A3-9474-1A3956D46DE8}") = "DAL", "DAL", "{6434D792-2B23-4755-A35A-1E48F75E062E}"
EndProject
Project("{2150E333-8FDC-42A3-9474-1A3956D46DE8}") = "MVC", "MVC", "{ED2FD1BD-3D55-4E6A-BE3B-502B1D1F1467}"
EndProject
Project("{2150E333-8FDC-42A3-9474-1A3956D46DE8}") = "WebAPI", "WebAPI", "{C2F66234-532F-4891-ACF1-043B6ABCF7D7}"
EndProject
Project("{9A19103F-16F7-4668-BE54-9A1E7A4F7556}") = "Lingva.MVC.Models.Mapper", "MVC\Lingva.MVC.Models.Mapper\Lingva.MVC.Models.Mapper.csproj", "{C075D8A3-7AF0-4006-A0A2-8D26E5AD3D66}"
EndProject
Project("{9A19103F-16F7-4668-BE54-9A1E7A4F7556}") = "Lingva.MVC.Mapper", "MVC\Lingva.MVC.Mapper\Lingva.MVC.Mapper.csproj", "{5645584E-909A-4D0B-8DB4-43CB1288B938}"
EndProject
Project("{9A19103F-16F7-4668-BE54-9A1E7A4F7556}") = "Lingva.MVC.Models", "MVC\Lingva.MVC.Models\Lingva.MVC.Models.csproj", "{06F6E2C7-9F3E-46D6-911D-E30EF0AB8A26}"
EndProject
Project("{9A19103F-16F7-4668-BE54-9A1E7A4F7556}") = "Lingva.BC.Auth", "BC\Lingva.Athentication\Lingva.BC.Auth.csproj", "{591368F2-0EB2-489C-AED6-18AE6626DD59}"
EndProject
Global
	GlobalSection(SolutionConfigurationPlatforms) = preSolution
		Debug|Any CPU = Debug|Any CPU
		Release|Any CPU = Release|Any CPU
	EndGlobalSection
	GlobalSection(ProjectConfigurationPlatforms) = postSolution
		{587FA791-3135-48A8-8CED-2AA6A9C459EA}.Debug|Any CPU.ActiveCfg = Debug|Any CPU
		{587FA791-3135-48A8-8CED-2AA6A9C459EA}.Debug|Any CPU.Build.0 = Debug|Any CPU
		{587FA791-3135-48A8-8CED-2AA6A9C459EA}.Release|Any CPU.ActiveCfg = Release|Any CPU
		{587FA791-3135-48A8-8CED-2AA6A9C459EA}.Release|Any CPU.Build.0 = Release|Any CPU
		{F575E75B-6EA2-4A33-B97C-D0D43B29CD61}.Debug|Any CPU.ActiveCfg = Debug|Any CPU
		{F575E75B-6EA2-4A33-B97C-D0D43B29CD61}.Debug|Any CPU.Build.0 = Debug|Any CPU
		{F575E75B-6EA2-4A33-B97C-D0D43B29CD61}.Release|Any CPU.ActiveCfg = Release|Any CPU
		{F575E75B-6EA2-4A33-B97C-D0D43B29CD61}.Release|Any CPU.Build.0 = Release|Any CPU
		{987C54A5-35B1-4909-AE28-CB49798A9D6C}.Debug|Any CPU.ActiveCfg = Debug|Any CPU
		{987C54A5-35B1-4909-AE28-CB49798A9D6C}.Debug|Any CPU.Build.0 = Debug|Any CPU
		{987C54A5-35B1-4909-AE28-CB49798A9D6C}.Release|Any CPU.ActiveCfg = Release|Any CPU
		{987C54A5-35B1-4909-AE28-CB49798A9D6C}.Release|Any CPU.Build.0 = Release|Any CPU
		{A856F28F-DD16-4C05-8E6F-7D0419303FEF}.Debug|Any CPU.ActiveCfg = Debug|Any CPU
		{A856F28F-DD16-4C05-8E6F-7D0419303FEF}.Debug|Any CPU.Build.0 = Debug|Any CPU
		{A856F28F-DD16-4C05-8E6F-7D0419303FEF}.Release|Any CPU.ActiveCfg = Release|Any CPU
		{A856F28F-DD16-4C05-8E6F-7D0419303FEF}.Release|Any CPU.Build.0 = Release|Any CPU
		{6F8516BE-C4AB-4580-B935-9B133EC2A4AF}.Debug|Any CPU.ActiveCfg = Debug|Any CPU
		{6F8516BE-C4AB-4580-B935-9B133EC2A4AF}.Debug|Any CPU.Build.0 = Debug|Any CPU
		{6F8516BE-C4AB-4580-B935-9B133EC2A4AF}.Release|Any CPU.ActiveCfg = Release|Any CPU
		{6F8516BE-C4AB-4580-B935-9B133EC2A4AF}.Release|Any CPU.Build.0 = Release|Any CPU
		{D5AF45F2-DC2A-430C-9AEF-9E77E1DBC709}.Debug|Any CPU.ActiveCfg = Debug|Any CPU
		{D5AF45F2-DC2A-430C-9AEF-9E77E1DBC709}.Debug|Any CPU.Build.0 = Debug|Any CPU
		{D5AF45F2-DC2A-430C-9AEF-9E77E1DBC709}.Release|Any CPU.ActiveCfg = Release|Any CPU
		{D5AF45F2-DC2A-430C-9AEF-9E77E1DBC709}.Release|Any CPU.Build.0 = Release|Any CPU
		{9A37911E-B51E-4BBD-A401-2B8CD6122EAF}.Debug|Any CPU.ActiveCfg = Debug|Any CPU
		{9A37911E-B51E-4BBD-A401-2B8CD6122EAF}.Debug|Any CPU.Build.0 = Debug|Any CPU
		{9A37911E-B51E-4BBD-A401-2B8CD6122EAF}.Release|Any CPU.ActiveCfg = Release|Any CPU
		{9A37911E-B51E-4BBD-A401-2B8CD6122EAF}.Release|Any CPU.Build.0 = Release|Any CPU
		{A3136D41-1FB7-4B37-B16D-9F5B31BBA566}.Debug|Any CPU.ActiveCfg = Debug|Any CPU
		{A3136D41-1FB7-4B37-B16D-9F5B31BBA566}.Debug|Any CPU.Build.0 = Debug|Any CPU
		{A3136D41-1FB7-4B37-B16D-9F5B31BBA566}.Release|Any CPU.ActiveCfg = Release|Any CPU
		{A3136D41-1FB7-4B37-B16D-9F5B31BBA566}.Release|Any CPU.Build.0 = Release|Any CPU
		{A89DFC63-C61F-4981-893F-656C4B9A2F54}.Debug|Any CPU.ActiveCfg = Debug|Any CPU
		{A89DFC63-C61F-4981-893F-656C4B9A2F54}.Debug|Any CPU.Build.0 = Debug|Any CPU
		{A89DFC63-C61F-4981-893F-656C4B9A2F54}.Release|Any CPU.ActiveCfg = Release|Any CPU
		{A89DFC63-C61F-4981-893F-656C4B9A2F54}.Release|Any CPU.Build.0 = Release|Any CPU
		{910C408F-D51F-40FB-8798-8B4C48B91DE1}.Debug|Any CPU.ActiveCfg = Debug|Any CPU
		{910C408F-D51F-40FB-8798-8B4C48B91DE1}.Debug|Any CPU.Build.0 = Debug|Any CPU
		{910C408F-D51F-40FB-8798-8B4C48B91DE1}.Release|Any CPU.ActiveCfg = Release|Any CPU
		{910C408F-D51F-40FB-8798-8B4C48B91DE1}.Release|Any CPU.Build.0 = Release|Any CPU
		{479DA151-2ECC-4961-AC3A-BDDBF0A62200}.Debug|Any CPU.ActiveCfg = Debug|Any CPU
		{479DA151-2ECC-4961-AC3A-BDDBF0A62200}.Debug|Any CPU.Build.0 = Debug|Any CPU
		{479DA151-2ECC-4961-AC3A-BDDBF0A62200}.Release|Any CPU.ActiveCfg = Release|Any CPU
		{479DA151-2ECC-4961-AC3A-BDDBF0A62200}.Release|Any CPU.Build.0 = Release|Any CPU
		{14EB43E0-B6BC-408F-A88B-B91F07F6DED5}.Debug|Any CPU.ActiveCfg = Debug|Any CPU
		{14EB43E0-B6BC-408F-A88B-B91F07F6DED5}.Debug|Any CPU.Build.0 = Debug|Any CPU
		{14EB43E0-B6BC-408F-A88B-B91F07F6DED5}.Release|Any CPU.ActiveCfg = Release|Any CPU
		{14EB43E0-B6BC-408F-A88B-B91F07F6DED5}.Release|Any CPU.Build.0 = Release|Any CPU
		{4490660B-FBDC-47C8-956D-917DC317EEAE}.Debug|Any CPU.ActiveCfg = Debug|Any CPU
		{4490660B-FBDC-47C8-956D-917DC317EEAE}.Debug|Any CPU.Build.0 = Debug|Any CPU
		{4490660B-FBDC-47C8-956D-917DC317EEAE}.Release|Any CPU.ActiveCfg = Release|Any CPU
		{4490660B-FBDC-47C8-956D-917DC317EEAE}.Release|Any CPU.Build.0 = Release|Any CPU
		{C075D8A3-7AF0-4006-A0A2-8D26E5AD3D66}.Debug|Any CPU.ActiveCfg = Debug|Any CPU
		{C075D8A3-7AF0-4006-A0A2-8D26E5AD3D66}.Debug|Any CPU.Build.0 = Debug|Any CPU
		{C075D8A3-7AF0-4006-A0A2-8D26E5AD3D66}.Release|Any CPU.ActiveCfg = Release|Any CPU
		{C075D8A3-7AF0-4006-A0A2-8D26E5AD3D66}.Release|Any CPU.Build.0 = Release|Any CPU
		{5645584E-909A-4D0B-8DB4-43CB1288B938}.Debug|Any CPU.ActiveCfg = Debug|Any CPU
		{5645584E-909A-4D0B-8DB4-43CB1288B938}.Debug|Any CPU.Build.0 = Debug|Any CPU
		{5645584E-909A-4D0B-8DB4-43CB1288B938}.Release|Any CPU.ActiveCfg = Release|Any CPU
		{5645584E-909A-4D0B-8DB4-43CB1288B938}.Release|Any CPU.Build.0 = Release|Any CPU
		{06F6E2C7-9F3E-46D6-911D-E30EF0AB8A26}.Debug|Any CPU.ActiveCfg = Debug|Any CPU
		{06F6E2C7-9F3E-46D6-911D-E30EF0AB8A26}.Debug|Any CPU.Build.0 = Debug|Any CPU
		{06F6E2C7-9F3E-46D6-911D-E30EF0AB8A26}.Release|Any CPU.ActiveCfg = Release|Any CPU
		{06F6E2C7-9F3E-46D6-911D-E30EF0AB8A26}.Release|Any CPU.Build.0 = Release|Any CPU
		{591368F2-0EB2-489C-AED6-18AE6626DD59}.Debug|Any CPU.ActiveCfg = Debug|Any CPU
		{591368F2-0EB2-489C-AED6-18AE6626DD59}.Debug|Any CPU.Build.0 = Debug|Any CPU
		{591368F2-0EB2-489C-AED6-18AE6626DD59}.Release|Any CPU.ActiveCfg = Release|Any CPU
		{591368F2-0EB2-489C-AED6-18AE6626DD59}.Release|Any CPU.Build.0 = Release|Any CPU
	EndGlobalSection
	GlobalSection(SolutionProperties) = preSolution
		HideSolutionNode = FALSE
	EndGlobalSection
	GlobalSection(NestedProjects) = preSolution
		{587FA791-3135-48A8-8CED-2AA6A9C459EA} = {6434D792-2B23-4755-A35A-1E48F75E062E}
		{F575E75B-6EA2-4A33-B97C-D0D43B29CD61} = {6434D792-2B23-4755-A35A-1E48F75E062E}
		{987C54A5-35B1-4909-AE28-CB49798A9D6C} = {3E71A635-EF3C-43BF-A9BF-670F085D687A}
		{A856F28F-DD16-4C05-8E6F-7D0419303FEF} = {3E71A635-EF3C-43BF-A9BF-670F085D687A}
		{6F8516BE-C4AB-4580-B935-9B133EC2A4AF} = {3E71A635-EF3C-43BF-A9BF-670F085D687A}
		{D5AF45F2-DC2A-430C-9AEF-9E77E1DBC709} = {3E71A635-EF3C-43BF-A9BF-670F085D687A}
		{9A37911E-B51E-4BBD-A401-2B8CD6122EAF} = {ED2FD1BD-3D55-4E6A-BE3B-502B1D1F1467}
		{A3136D41-1FB7-4B37-B16D-9F5B31BBA566} = {ED2FD1BD-3D55-4E6A-BE3B-502B1D1F1467}
		{A89DFC63-C61F-4981-893F-656C4B9A2F54} = {C2F66234-532F-4891-ACF1-043B6ABCF7D7}
		{910C408F-D51F-40FB-8798-8B4C48B91DE1} = {C2F66234-532F-4891-ACF1-043B6ABCF7D7}
		{479DA151-2ECC-4961-AC3A-BDDBF0A62200} = {C2F66234-532F-4891-ACF1-043B6ABCF7D7}
		{14EB43E0-B6BC-408F-A88B-B91F07F6DED5} = {C2F66234-532F-4891-ACF1-043B6ABCF7D7}
		{4490660B-FBDC-47C8-956D-917DC317EEAE} = {C2F66234-532F-4891-ACF1-043B6ABCF7D7}
		{C075D8A3-7AF0-4006-A0A2-8D26E5AD3D66} = {ED2FD1BD-3D55-4E6A-BE3B-502B1D1F1467}
		{5645584E-909A-4D0B-8DB4-43CB1288B938} = {ED2FD1BD-3D55-4E6A-BE3B-502B1D1F1467}
		{06F6E2C7-9F3E-46D6-911D-E30EF0AB8A26} = {ED2FD1BD-3D55-4E6A-BE3B-502B1D1F1467}
		{591368F2-0EB2-489C-AED6-18AE6626DD59} = {3E71A635-EF3C-43BF-A9BF-670F085D687A}
	EndGlobalSection
	GlobalSection(ExtensibilityGlobals) = postSolution
		SolutionGuid = {52773F80-9AFD-49EA-9A94-EBC8FBCA9951}
	EndGlobalSection
EndGlobal
